
Microsoft Visual Studio Solution File, Format Version 12.00
# Visual Studio Version 17
VisualStudioVersion = 17.6.33815.320
MinimumVisualStudioVersion = 10.0.40219.1
Project("{FAE04EC0-301F-11D3-BF4B-00C04F79EFBC}") = "PlaywrightUtils", "PlaywrightUtils.csproj", "{80BEA2D4-AD40-4E9C-9087-EFAEA42F38EF}"
EndProject
Project("{FAE04EC0-301F-11D3-BF4B-00C04F79EFBC}") = "PlaywrightSpecflow", "..\Playwright.Specflow\PlaywrightSpecflow.csproj", "{03E3C500-7E12-455E-A00A-E050C2303E0D}"
EndProject
Global
	GlobalSection(SolutionConfigurationPlatforms) = preSolution
		Debug|Any CPU = Debug|Any CPU
		Release|Any CPU = Release|Any CPU
	EndGlobalSection
	GlobalSection(ProjectConfigurationPlatforms) = postSolution
		{80BEA2D4-AD40-4E9C-9087-EFAEA42F38EF}.Debug|Any CPU.ActiveCfg = Debug|Any CPU
		{80BEA2D4-AD40-4E9C-9087-EFAEA42F38EF}.Debug|Any CPU.Build.0 = Debug|Any CPU
		{80BEA2D4-AD40-4E9C-9087-EFAEA42F38EF}.Release|Any CPU.ActiveCfg = Release|Any CPU
		{80BEA2D4-AD40-4E9C-9087-EFAEA42F38EF}.Release|Any CPU.Build.0 = Release|Any CPU
		{03E3C500-7E12-455E-A00A-E050C2303E0D}.Debug|Any CPU.ActiveCfg = Debug|Any CPU
		{03E3C500-7E12-455E-A00A-E050C2303E0D}.Debug|Any CPU.Build.0 = Debug|Any CPU
		{03E3C500-7E12-455E-A00A-E050C2303E0D}.Release|Any CPU.ActiveCfg = Release|Any CPU
		{03E3C500-7E12-455E-A00A-E050C2303E0D}.Release|Any CPU.Build.0 = Release|Any CPU
	EndGlobalSection
	GlobalSection(SolutionProperties) = preSolution
		HideSolutionNode = FALSE
	EndGlobalSection
	GlobalSection(ExtensibilityGlobals) = postSolution
		SolutionGuid = {2895F08F-470C-4D7B-9DB2-3185C3708CCA}
	EndGlobalSection
EndGlobal
